// !$*UTF8*$!
{
	archiveVersion = 1;
	classes = {
	};
	objectVersion = 56;
	objects = {

/* Begin PBXBuildFile section */
		544D404E291513CE007814A6 /* AppDelegate.swift in Sources */ = {isa = PBXBuildFile; fileRef = 544D404D291513CE007814A6 /* AppDelegate.swift */; };
		544D4050291513CE007814A6 /* SceneDelegate.swift in Sources */ = {isa = PBXBuildFile; fileRef = 544D404F291513CE007814A6 /* SceneDelegate.swift */; };
		544D4052291513CE007814A6 /* FactViewController.swift in Sources */ = {isa = PBXBuildFile; fileRef = 544D4051291513CE007814A6 /* FactViewController.swift */; };
		544D4055291513CE007814A6 /* Main.storyboard in Resources */ = {isa = PBXBuildFile; fileRef = 544D4053291513CE007814A6 /* Main.storyboard */; };
		544D4057291513D0007814A6 /* Assets.xcassets in Resources */ = {isa = PBXBuildFile; fileRef = 544D4056291513D0007814A6 /* Assets.xcassets */; };
		544D405A291513D0007814A6 /* LaunchScreen.storyboard in Resources */ = {isa = PBXBuildFile; fileRef = 544D4058291513D0007814A6 /* LaunchScreen.storyboard */; };
		544D40652915155D007814A6 /* Model.swift in Sources */ = {isa = PBXBuildFile; fileRef = 544D40642915155D007814A6 /* Model.swift */; };
		544D40682915240B007814A6 /* NetworkManager.swift in Sources */ = {isa = PBXBuildFile; fileRef = 544D40672915240B007814A6 /* NetworkManager.swift */; };
		54FDAF182916656A00541EC8 /* Alamofire in Frameworks */ = {isa = PBXBuildFile; productRef = 54FDAF172916656A00541EC8 /* Alamofire */; };
/* End PBXBuildFile section */

/* Begin PBXFileReference section */
		544D404A291513CE007814A6 /* InterestingFactAboutDogs.app */ = {isa = PBXFileReference; explicitFileType = wrapper.application; includeInIndex = 0; path = InterestingFactAboutDogs.app; sourceTree = BUILT_PRODUCTS_DIR; };
		544D404D291513CE007814A6 /* AppDelegate.swift */ = {isa = PBXFileReference; lastKnownFileType = sourcecode.swift; path = AppDelegate.swift; sourceTree = "<group>"; };
		544D404F291513CE007814A6 /* SceneDelegate.swift */ = {isa = PBXFileReference; lastKnownFileType = sourcecode.swift; path = SceneDelegate.swift; sourceTree = "<group>"; };
		544D4051291513CE007814A6 /* FactViewController.swift */ = {isa = PBXFileReference; lastKnownFileType = sourcecode.swift; path = FactViewController.swift; sourceTree = "<group>"; };
		544D4054291513CE007814A6 /* Base */ = {isa = PBXFileReference; lastKnownFileType = file.storyboard; name = Base; path = Base.lproj/Main.storyboard; sourceTree = "<group>"; };
		544D4056291513D0007814A6 /* Assets.xcassets */ = {isa = PBXFileReference; lastKnownFileType = folder.assetcatalog; path = Assets.xcassets; sourceTree = "<group>"; };
		544D4059291513D0007814A6 /* Base */ = {isa = PBXFileReference; lastKnownFileType = file.storyboard; name = Base; path = Base.lproj/LaunchScreen.storyboard; sourceTree = "<group>"; };
		544D405B291513D0007814A6 /* Info.plist */ = {isa = PBXFileReference; lastKnownFileType = text.plist.xml; path = Info.plist; sourceTree = "<group>"; };
		544D40642915155D007814A6 /* Model.swift */ = {isa = PBXFileReference; lastKnownFileType = sourcecode.swift; path = Model.swift; sourceTree = "<group>"; };
		544D40672915240B007814A6 /* NetworkManager.swift */ = {isa = PBXFileReference; lastKnownFileType = sourcecode.swift; path = NetworkManager.swift; sourceTree = "<group>"; };
/* End PBXFileReference section */

/* Begin PBXFrameworksBuildPhase section */
		544D4047291513CE007814A6 /* Frameworks */ = {
			isa = PBXFrameworksBuildPhase;
			buildActionMask = 2147483647;
			files = (
				54FDAF182916656A00541EC8 /* Alamofire in Frameworks */,
			);
			runOnlyForDeploymentPostprocessing = 0;
		};
/* End PBXFrameworksBuildPhase section */

/* Begin PBXGroup section */
		544D4041291513CE007814A6 = {
			isa = PBXGroup;
			children = (
				544D404C291513CE007814A6 /* InterestingFactAboutDogs */,
				544D404B291513CE007814A6 /* Products */,
			);
			sourceTree = "<group>";
		};
		544D404B291513CE007814A6 /* Products */ = {
			isa = PBXGroup;
			children = (
				544D404A291513CE007814A6 /* InterestingFactAboutDogs.app */,
			);
			name = Products;
			sourceTree = "<group>";
		};
		544D404C291513CE007814A6 /* InterestingFactAboutDogs */ = {
			isa = PBXGroup;
			children = (
				544D406629151561007814A6 /* Models */,
				544D40692915240E007814A6 /* Network */,
				544D406229151503007814A6 /* SupportFiles */,
				544D4061291514FA007814A6 /* ViewController */,
				544D40632915150E007814A6 /* Storyboards */,
				544D4056291513D0007814A6 /* Assets.xcassets */,
				544D405B291513D0007814A6 /* Info.plist */,
			);
			path = InterestingFactAboutDogs;
			sourceTree = "<group>";
		};
		544D4061291514FA007814A6 /* ViewController */ = {
			isa = PBXGroup;
			children = (
				544D4051291513CE007814A6 /* FactViewController.swift */,
			);
			path = ViewController;
			sourceTree = "<group>";
		};
		544D406229151503007814A6 /* SupportFiles */ = {
			isa = PBXGroup;
			children = (
				544D404D291513CE007814A6 /* AppDelegate.swift */,
				544D404F291513CE007814A6 /* SceneDelegate.swift */,
			);
			path = SupportFiles;
			sourceTree = "<group>";
		};
		544D40632915150E007814A6 /* Storyboards */ = {
			isa = PBXGroup;
			children = (
				544D4053291513CE007814A6 /* Main.storyboard */,
				544D4058291513D0007814A6 /* LaunchScreen.storyboard */,
			);
			path = Storyboards;
			sourceTree = "<group>";
		};
		544D406629151561007814A6 /* Models */ = {
			isa = PBXGroup;
			children = (
				544D40642915155D007814A6 /* Model.swift */,
			);
			path = Models;
			sourceTree = "<group>";
		};
		544D40692915240E007814A6 /* Network */ = {
			isa = PBXGroup;
			children = (
				544D40672915240B007814A6 /* NetworkManager.swift */,
			);
			path = Network;
			sourceTree = "<group>";
		};
/* End PBXGroup section */

/* Begin PBXNativeTarget section */
		544D4049291513CE007814A6 /* InterestingFactAboutDogs */ = {
			isa = PBXNativeTarget;
			buildConfigurationList = 544D405E291513D0007814A6 /* Build configuration list for PBXNativeTarget "InterestingFactAboutDogs" */;
			buildPhases = (
				544D4046291513CE007814A6 /* Sources */,
				544D4047291513CE007814A6 /* Frameworks */,
				544D4048291513CE007814A6 /* Resources */,
			);
			buildRules = (
			);
			dependencies = (
			);
			name = InterestingFactAboutDogs;
			packageProductDependencies = (
				54FDAF172916656A00541EC8 /* Alamofire */,
			);
			productName = InterestingFactAboutDogs;
			productReference = 544D404A291513CE007814A6 /* InterestingFactAboutDogs.app */;
			productType = "com.apple.product-type.application";
		};
/* End PBXNativeTarget section */

/* Begin PBXProject section */
		544D4042291513CE007814A6 /* Project object */ = {
			isa = PBXProject;
			attributes = {
				BuildIndependentTargetsInParallel = 1;
				LastSwiftUpdateCheck = 1410;
				LastUpgradeCheck = 1410;
				TargetAttributes = {
					544D4049291513CE007814A6 = {
						CreatedOnToolsVersion = 14.1;
					};
				};
			};
			buildConfigurationList = 544D4045291513CE007814A6 /* Build configuration list for PBXProject "InterestingFactAboutDogs" */;
			compatibilityVersion = "Xcode 14.0";
			developmentRegion = en;
			hasScannedForEncodings = 0;
			knownRegions = (
				en,
				Base,
			);
			mainGroup = 544D4041291513CE007814A6;
			packageReferences = (
				54FDAF162916656A00541EC8 /* XCRemoteSwiftPackageReference "Alamofire" */,
			);
			productRefGroup = 544D404B291513CE007814A6 /* Products */;
			projectDirPath = "";
			projectRoot = "";
			targets = (
				544D4049291513CE007814A6 /* InterestingFactAboutDogs */,
			);
		};
/* End PBXProject section */

/* Begin PBXResourcesBuildPhase section */
		544D4048291513CE007814A6 /* Resources */ = {
			isa = PBXResourcesBuildPhase;
			buildActionMask = 2147483647;
			files = (
				544D405A291513D0007814A6 /* LaunchScreen.storyboard in Resources */,
				544D4057291513D0007814A6 /* Assets.xcassets in Resources */,
				544D4055291513CE007814A6 /* Main.storyboard in Resources */,
			);
			runOnlyForDeploymentPostprocessing = 0;
		};
/* End PBXResourcesBuildPhase section */

/* Begin PBXSourcesBuildPhase section */
		544D4046291513CE007814A6 /* Sources */ = {
			isa = PBXSourcesBuildPhase;
			buildActionMask = 2147483647;
			files = (
				544D4052291513CE007814A6 /* FactViewController.swift in Sources */,
				544D404E291513CE007814A6 /* AppDelegate.swift in Sources */,
				544D40682915240B007814A6 /* NetworkManager.swift in Sources */,
				544D4050291513CE007814A6 /* SceneDelegate.swift in Sources */,
				544D40652915155D007814A6 /* Model.swift in Sources */,
			);
			runOnlyForDeploymentPostprocessing = 0;
		};
/* End PBXSourcesBuildPhase section */

/* Begin PBXVariantGroup section */
		544D4053291513CE007814A6 /* Main.storyboard */ = {
			isa = PBXVariantGroup;
			children = (
				544D4054291513CE007814A6 /* Base */,
			);
			name = Main.storyboard;
			sourceTree = "<group>";
		};
		544D4058291513D0007814A6 /* LaunchScreen.storyboard */ = {
			isa = PBXVariantGroup;
			children = (
				544D4059291513D0007814A6 /* Base */,
			);
			name = LaunchScreen.storyboard;
			sourceTree = "<group>";
		};
/* End PBXVariantGroup section */

/* Begin XCBuildConfiguration section */
		544D405C291513D0007814A6 /* Debug */ = {
			isa = XCBuildConfiguration;
			buildSettings = {
				ALWAYS_SEARCH_USER_PATHS = NO;
				CLANG_ANALYZER_NONNULL = YES;
				CLANG_ANALYZER_NUMBER_OBJECT_CONVERSION = YES_AGGRESSIVE;
				CLANG_CXX_LANGUAGE_STANDARD = "gnu++20";
				CLANG_ENABLE_MODULES = YES;
				CLANG_ENABLE_OBJC_ARC = YES;
				CLANG_ENABLE_OBJC_WEAK = YES;
				CLANG_WARN_BLOCK_CAPTURE_AUTORELEASING = YES;
				CLANG_WARN_BOOL_CONVERSION = YES;
				CLANG_WARN_COMMA = YES;
				CLANG_WARN_CONSTANT_CONVERSION = YES;
				CLANG_WARN_DEPRECATED_OBJC_IMPLEMENTATIONS = YES;
				CLANG_WARN_DIRECT_OBJC_ISA_USAGE = YES_ERROR;
				CLANG_WARN_DOCUMENTATION_COMMENTS = YES;
				CLANG_WARN_EMPTY_BODY = YES;
				CLANG_WARN_ENUM_CONVERSION = YES;
				CLANG_WARN_INFINITE_RECURSION = YES;
				CLANG_WARN_INT_CONVERSION = YES;
				CLANG_WARN_NON_LITERAL_NULL_CONVERSION = YES;
				CLANG_WARN_OBJC_IMPLICIT_RETAIN_SELF = YES;
				CLANG_WARN_OBJC_LITERAL_CONVERSION = YES;
				CLANG_WARN_OBJC_ROOT_CLASS = YES_ERROR;
				CLANG_WARN_QUOTED_INCLUDE_IN_FRAMEWORK_HEADER = YES;
				CLANG_WARN_RANGE_LOOP_ANALYSIS = YES;
				CLANG_WARN_STRICT_PROTOTYPES = YES;
				CLANG_WARN_SUSPICIOUS_MOVE = YES;
				CLANG_WARN_UNGUARDED_AVAILABILITY = YES_AGGRESSIVE;
				CLANG_WARN_UNREACHABLE_CODE = YES;
				CLANG_WARN__DUPLICATE_METHOD_MATCH = YES;
				COPY_PHASE_STRIP = NO;
				DEBUG_INFORMATION_FORMAT = dwarf;
				ENABLE_STRICT_OBJC_MSGSEND = YES;
				ENABLE_TESTABILITY = YES;
				GCC_C_LANGUAGE_STANDARD = gnu11;
				GCC_DYNAMIC_NO_PIC = NO;
				GCC_NO_COMMON_BLOCKS = YES;
				GCC_OPTIMIZATION_LEVEL = 0;
				GCC_PREPROCESSOR_DEFINITIONS = (
					"DEBUG=1",
					"$(inherited)",
				);
				GCC_WARN_64_TO_32_BIT_CONVERSION = YES;
				GCC_WARN_ABOUT_RETURN_TYPE = YES_ERROR;
				GCC_WARN_UNDECLARED_SELECTOR = YES;
				GCC_WARN_UNINITIALIZED_AUTOS = YES_AGGRESSIVE;
				GCC_WARN_UNUSED_FUNCTION = YES;
				GCC_WARN_UNUSED_VARIABLE = YES;
				IPHONEOS_DEPLOYMENT_TARGET = 16.1;
				MTL_ENABLE_DEBUG_INFO = INCLUDE_SOURCE;
				MTL_FAST_MATH = YES;
				ONLY_ACTIVE_ARCH = YES;
				SDKROOT = iphoneos;
				SWIFT_ACTIVE_COMPILATION_CONDITIONS = DEBUG;
				SWIFT_OPTIMIZATION_LEVEL = "-Onone";
			};
			name = Debug;
		};
		544D405D291513D0007814A6 /* Release */ = {
			isa = XCBuildConfiguration;
			buildSettings = {
				ALWAYS_SEARCH_USER_PATHS = NO;
				CLANG_ANALYZER_NONNULL = YES;
				CLANG_ANALYZER_NUMBER_OBJECT_CONVERSION = YES_AGGRESSIVE;
				CLANG_CXX_LANGUAGE_STANDARD = "gnu++20";
				CLANG_ENABLE_MODULES = YES;
				CLANG_ENABLE_OBJC_ARC = YES;
				CLANG_ENABLE_OBJC_WEAK = YES;
				CLANG_WARN_BLOCK_CAPTURE_AUTORELEASING = YES;
				CLANG_WARN_BOOL_CONVERSION = YES;
				CLANG_WARN_COMMA = YES;
				CLANG_WARN_CONSTANT_CONVERSION = YES;
				CLANG_WARN_DEPRECATED_OBJC_IMPLEMENTATIONS = YES;
				CLANG_WARN_DIRECT_OBJC_ISA_USAGE = YES_ERROR;
				CLANG_WARN_DOCUMENTATION_COMMENTS = YES;
				CLANG_WARN_EMPTY_BODY = YES;
				CLANG_WARN_ENUM_CONVERSION = YES;
				CLANG_WARN_INFINITE_RECURSION = YES;
				CLANG_WARN_INT_CONVERSION = YES;
				CLANG_WARN_NON_LITERAL_NULL_CONVERSION = YES;
				CLANG_WARN_OBJC_IMPLICIT_RETAIN_SELF = YES;
				CLANG_WARN_OBJC_LITERAL_CONVERSION = YES;
				CLANG_WARN_OBJC_ROOT_CLASS = YES_ERROR;
				CLANG_WARN_QUOTED_INCLUDE_IN_FRAMEWORK_HEADER = YES;
				CLANG_WARN_RANGE_LOOP_ANALYSIS = YES;
				CLANG_WARN_STRICT_PROTOTYPES = YES;
				CLANG_WARN_SUSPICIOUS_MOVE = YES;
				CLANG_WARN_UNGUARDED_AVAILABILITY = YES_AGGRESSIVE;
				CLANG_WARN_UNREACHABLE_CODE = YES;
				CLANG_WARN__DUPLICATE_METHOD_MATCH = YES;
				COPY_PHASE_STRIP = NO;
				DEBUG_INFORMATION_FORMAT = "dwarf-with-dsym";
				ENABLE_NS_ASSERTIONS = NO;
				ENABLE_STRICT_OBJC_MSGSEND = YES;
				GCC_C_LANGUAGE_STANDARD = gnu11;
				GCC_NO_COMMON_BLOCKS = YES;
				GCC_WARN_64_TO_32_BIT_CONVERSION = YES;
				GCC_WARN_ABOUT_RETURN_TYPE = YES_ERROR;
				GCC_WARN_UNDECLARED_SELECTOR = YES;
				GCC_WARN_UNINITIALIZED_AUTOS = YES_AGGRESSIVE;
				GCC_WARN_UNUSED_FUNCTION = YES;
				GCC_WARN_UNUSED_VARIABLE = YES;
				IPHONEOS_DEPLOYMENT_TARGET = 16.1;
				MTL_ENABLE_DEBUG_INFO = NO;
				MTL_FAST_MATH = YES;
				SDKROOT = iphoneos;
				SWIFT_COMPILATION_MODE = wholemodule;
				SWIFT_OPTIMIZATION_LEVEL = "-O";
				VALIDATE_PRODUCT = YES;
			};
			name = Release;
		};
		544D405F291513D0007814A6 /* Debug */ = {
			isa = XCBuildConfiguration;
			buildSettings = {
				ASSETCATALOG_COMPILER_APPICON_NAME = AppIcon;
				ASSETCATALOG_COMPILER_GLOBAL_ACCENT_COLOR_NAME = AccentColor;
				CODE_SIGN_STYLE = Automatic;
				CURRENT_PROJECT_VERSION = 1;
				DEVELOPMENT_TEAM = G948D9S888;
				GENERATE_INFOPLIST_FILE = YES;
				INFOPLIST_FILE = InterestingFactAboutDogs/Info.plist;
				INFOPLIST_KEY_UIApplicationSupportsIndirectInputEvents = YES;
				INFOPLIST_KEY_UILaunchStoryboardName = LaunchScreen;
				INFOPLIST_KEY_UIMainStoryboardFile = Main;
				INFOPLIST_KEY_UISupportedInterfaceOrientations_iPad = "UIInterfaceOrientationPortrait UIInterfaceOrientationPortraitUpsideDown UIInterfaceOrientationLandscapeLeft UIInterfaceOrientationLandscapeRight";
				INFOPLIST_KEY_UISupportedInterfaceOrientations_iPhone = "UIInterfaceOrientationPortrait UIInterfaceOrientationLandscapeLeft UIInterfaceOrientationLandscapeRight";
				LD_RUNPATH_SEARCH_PATHS = (
					"$(inherited)",
					"@executable_path/Frameworks",
				);
				MARKETING_VERSION = 1.0;
				PRODUCT_BUNDLE_IDENTIFIER = "Gennady-Vedernikov.InterestingFactAboutDogs";
				PRODUCT_NAME = "$(TARGET_NAME)";
				SWIFT_EMIT_LOC_STRINGS = YES;
				SWIFT_VERSION = 5.0;
				TARGETED_DEVICE_FAMILY = "1,2";
			};
			name = Debug;
		};
		544D4060291513D0007814A6 /* Release */ = {
			isa = XCBuildConfiguration;
			buildSettings = {
				ASSETCATALOG_COMPILER_APPICON_NAME = AppIcon;
				ASSETCATALOG_COMPILER_GLOBAL_ACCENT_COLOR_NAME = AccentColor;
				CODE_SIGN_STYLE = Automatic;
				CURRENT_PROJECT_VERSION = 1;
				DEVELOPMENT_TEAM = G948D9S888;
				GENERATE_INFOPLIST_FILE = YES;
				INFOPLIST_FILE = InterestingFactAboutDogs/Info.plist;
				INFOPLIST_KEY_UIApplicationSupportsIndirectInputEvents = YES;
				INFOPLIST_KEY_UILaunchStoryboardName = LaunchScreen;
				INFOPLIST_KEY_UIMainStoryboardFile = Main;
				INFOPLIST_KEY_UISupportedInterfaceOrientations_iPad = "UIInterfaceOrientationPortrait UIInterfaceOrientationPortraitUpsideDown UIInterfaceOrientationLandscapeLeft UIInterfaceOrientationLandscapeRight";
				INFOPLIST_KEY_UISupportedInterfaceOrientations_iPhone = "UIInterfaceOrientationPortrait UIInterfaceOrientationLandscapeLeft UIInterfaceOrientationLandscapeRight";
				LD_RUNPATH_SEARCH_PATHS = (
					"$(inherited)",
					"@executable_path/Frameworks",
				);
				MARKETING_VERSION = 1.0;
				PRODUCT_BUNDLE_IDENTIFIER = "Gennady-Vedernikov.InterestingFactAboutDogs";
				PRODUCT_NAME = "$(TARGET_NAME)";
				SWIFT_EMIT_LOC_STRINGS = YES;
				SWIFT_VERSION = 5.0;
				TARGETED_DEVICE_FAMILY = "1,2";
			};
			name = Release;
		};
/* End XCBuildConfiguration section */

/* Begin XCConfigurationList section */
		544D4045291513CE007814A6 /* Build configuration list for PBXProject "InterestingFactAboutDogs" */ = {
			isa = XCConfigurationList;
			buildConfigurations = (
				544D405C291513D0007814A6 /* Debug */,
				544D405D291513D0007814A6 /* Release */,
			);
			defaultConfigurationIsVisible = 0;
			defaultConfigurationName = Release;
		};
		544D405E291513D0007814A6 /* Build configuration list for PBXNativeTarget "InterestingFactAboutDogs" */ = {
			isa = XCConfigurationList;
			buildConfigurations = (
				544D405F291513D0007814A6 /* Debug */,
				544D4060291513D0007814A6 /* Release */,
			);
			defaultConfigurationIsVisible = 0;
			defaultConfigurationName = Release;
		};
/* End XCConfigurationList section */

/* Begin XCRemoteSwiftPackageReference section */
		54FDAF162916656A00541EC8 /* XCRemoteSwiftPackageReference "Alamofire" */ = {
			isa = XCRemoteSwiftPackageReference;
			repositoryURL = "https://github.com/Alamofire/Alamofire.git";
			requirement = {
				kind = upToNextMajorVersion;
				minimumVersion = 5.0.0;
			};
		};
/* End XCRemoteSwiftPackageReference section */

/* Begin XCSwiftPackageProductDependency section */
		54FDAF172916656A00541EC8 /* Alamofire */ = {
			isa = XCSwiftPackageProductDependency;
			package = 54FDAF162916656A00541EC8 /* XCRemoteSwiftPackageReference "Alamofire" */;
			productName = Alamofire;
		};
/* End XCSwiftPackageProductDependency section */
	};
	rootObject = 544D4042291513CE007814A6 /* Project object */;
}
